
Microsoft Visual Studio Solution File, Format Version 12.00
# Visual Studio 2013
VisualStudioVersion = 12.0.31101.0
MinimumVisualStudioVersion = 10.0.40219.1
Project("{FAE04EC0-301F-11D3-BF4B-00C04F79EFBC}") = "Loupe.Agent.Web.Module", "Src\Loupe.Agent.Web.Module\Loupe.Agent.Web.Module.csproj", "{EA8936C9-44C3-4766-A515-E75A12B7F2C1}"
EndProject
Project("{FAE04EC0-301F-11D3-BF4B-00C04F79EFBC}") = "Loupe.Agent.Web.Module.Tests", "Src\Loupe.Agent.Web.Module.Tests\Loupe.Agent.Web.Module.Tests.csproj", "{4E7FB470-DE50-4F84-A919-9B305A7CE6C1}"
EndProject
Project("{FAE04EC0-301F-11D3-BF4B-00C04F79EFBC}") = "Loupe.Agent.Web.Module.MVCTest", "Src\Loupe.Agent.Web.Module.MVCTest\Loupe.Agent.Web.Module.MVCTest.csproj", "{7F6A0788-29C5-4F28-AF4D-E51137335F54}"
EndProject
Project("{FAE04EC0-301F-11D3-BF4B-00C04F79EFBC}") = "Loupe.Agent.Web.Module.WebFormTest", "Src\Loupe.Agent.Web.Module.WebFormTest\Loupe.Agent.Web.Module.WebFormTest.csproj", "{7E151F25-AB5D-4020-BEEC-85797CF770DC}"
EndProject
Global
	GlobalSection(SolutionConfigurationPlatforms) = preSolution
		Debug|Any CPU = Debug|Any CPU
		Release|Any CPU = Release|Any CPU
	EndGlobalSection
	GlobalSection(ProjectConfigurationPlatforms) = postSolution
		{EA8936C9-44C3-4766-A515-E75A12B7F2C1}.Debug|Any CPU.ActiveCfg = Debug|Any CPU
		{EA8936C9-44C3-4766-A515-E75A12B7F2C1}.Debug|Any CPU.Build.0 = Debug|Any CPU
		{EA8936C9-44C3-4766-A515-E75A12B7F2C1}.Release|Any CPU.ActiveCfg = Release|Any CPU
		{EA8936C9-44C3-4766-A515-E75A12B7F2C1}.Release|Any CPU.Build.0 = Release|Any CPU
		{4E7FB470-DE50-4F84-A919-9B305A7CE6C1}.Debug|Any CPU.ActiveCfg = Debug|Any CPU
		{4E7FB470-DE50-4F84-A919-9B305A7CE6C1}.Debug|Any CPU.Build.0 = Debug|Any CPU
		{4E7FB470-DE50-4F84-A919-9B305A7CE6C1}.Release|Any CPU.ActiveCfg = Release|Any CPU
		{4E7FB470-DE50-4F84-A919-9B305A7CE6C1}.Release|Any CPU.Build.0 = Release|Any CPU
		{7F6A0788-29C5-4F28-AF4D-E51137335F54}.Debug|Any CPU.ActiveCfg = Debug|Any CPU
		{7F6A0788-29C5-4F28-AF4D-E51137335F54}.Debug|Any CPU.Build.0 = Debug|Any CPU
		{7F6A0788-29C5-4F28-AF4D-E51137335F54}.Release|Any CPU.ActiveCfg = Release|Any CPU
		{7F6A0788-29C5-4F28-AF4D-E51137335F54}.Release|Any CPU.Build.0 = Release|Any CPU
		{7E151F25-AB5D-4020-BEEC-85797CF770DC}.Debug|Any CPU.ActiveCfg = Debug|Any CPU
		{7E151F25-AB5D-4020-BEEC-85797CF770DC}.Debug|Any CPU.Build.0 = Debug|Any CPU
		{7E151F25-AB5D-4020-BEEC-85797CF770DC}.Release|Any CPU.ActiveCfg = Release|Any CPU
		{7E151F25-AB5D-4020-BEEC-85797CF770DC}.Release|Any CPU.Build.0 = Release|Any CPU
	EndGlobalSection
	GlobalSection(SolutionProperties) = preSolution
		HideSolutionNode = FALSE
	EndGlobalSection
EndGlobal
